
Microsoft Visual Studio Solution File, Format Version 12.00
# Visual Studio Version 17
VisualStudioVersion = 17.3.32825.248
MinimumVisualStudioVersion = 10.0.40219.1
Project("{FAE04EC0-301F-11D3-BF4B-00C04F79EFBC}") = "ValidParentheses", "ValidParentheses\ValidParentheses.csproj", "{13D315C7-223A-4E15-AC12-319EAA6CB7F3}"
EndProject
Global
	GlobalSection(SolutionConfigurationPlatforms) = preSolution
		Debug|Any CPU = Debug|Any CPU
		Release|Any CPU = Release|Any CPU
	EndGlobalSection
	GlobalSection(ProjectConfigurationPlatforms) = postSolution
		{13D315C7-223A-4E15-AC12-319EAA6CB7F3}.Debug|Any CPU.ActiveCfg = Debug|Any CPU
		{13D315C7-223A-4E15-AC12-319EAA6CB7F3}.Debug|Any CPU.Build.0 = Debug|Any CPU
		{13D315C7-223A-4E15-AC12-319EAA6CB7F3}.Release|Any CPU.ActiveCfg = Release|Any CPU
		{13D315C7-223A-4E15-AC12-319EAA6CB7F3}.Release|Any CPU.Build.0 = Release|Any CPU
	EndGlobalSection
	GlobalSection(SolutionProperties) = preSolution
		HideSolutionNode = FALSE
	EndGlobalSection
	GlobalSection(ExtensibilityGlobals) = postSolution
		SolutionGuid = {B936DA3B-DC04-454B-A7F7-BE3C9C9503BD}
	EndGlobalSection
EndGlobal
