
Microsoft Visual Studio Solution File, Format Version 12.00
# Visual Studio Version 17
VisualStudioVersion = 17.3.32825.248
MinimumVisualStudioVersion = 10.0.40219.1
Project("{FAE04EC0-301F-11D3-BF4B-00C04F79EFBC}") = "PaginationHelper", "PaginationHelper\PaginationHelper.csproj", "{99D600CB-0F74-4C98-A3AE-A49FB607E3DE}"
EndProject
Global
	GlobalSection(SolutionConfigurationPlatforms) = preSolution
		Debug|Any CPU = Debug|Any CPU
		Release|Any CPU = Release|Any CPU
	EndGlobalSection
	GlobalSection(ProjectConfigurationPlatforms) = postSolution
		{99D600CB-0F74-4C98-A3AE-A49FB607E3DE}.Debug|Any CPU.ActiveCfg = Debug|Any CPU
		{99D600CB-0F74-4C98-A3AE-A49FB607E3DE}.Debug|Any CPU.Build.0 = Debug|Any CPU
		{99D600CB-0F74-4C98-A3AE-A49FB607E3DE}.Release|Any CPU.ActiveCfg = Release|Any CPU
		{99D600CB-0F74-4C98-A3AE-A49FB607E3DE}.Release|Any CPU.Build.0 = Release|Any CPU
	EndGlobalSection
	GlobalSection(SolutionProperties) = preSolution
		HideSolutionNode = FALSE
	EndGlobalSection
	GlobalSection(ExtensibilityGlobals) = postSolution
		SolutionGuid = {4F7AE226-DB7B-49FD-95C1-C3AE7183DE16}
	EndGlobalSection
EndGlobal
